
Microsoft Visual Studio Solution File, Format Version 12.00
# Visual Studio Version 16
VisualStudioVersion = 16.0.29613.14
MinimumVisualStudioVersion = 15.0.26124.0
Project("{9A19103F-16F7-4668-BE54-9A1E7A4F7556}") = "Sharponzo.Gui", "src\Sharponzo.Gui\Sharponzo.Gui.csproj", "{06510D01-3139-4FAA-8D92-96CAF931C4B8}"
EndProject
Project("{9A19103F-16F7-4668-BE54-9A1E7A4F7556}") = "Sharponzo", "src\Sharponzo\Sharponzo.csproj", "{92FB0C23-5909-4F97-B372-B22F6434DC11}"
EndProject
Global
	GlobalSection(SolutionConfigurationPlatforms) = preSolution
		Debug|Any CPU = Debug|Any CPU
		Debug|x64 = Debug|x64
		Debug|x86 = Debug|x86
		Release|Any CPU = Release|Any CPU
		Release|x64 = Release|x64
		Release|x86 = Release|x86
	EndGlobalSection
	GlobalSection(ProjectConfigurationPlatforms) = postSolution
		{06510D01-3139-4FAA-8D92-96CAF931C4B8}.Debug|Any CPU.ActiveCfg = Debug|Any CPU
		{06510D01-3139-4FAA-8D92-96CAF931C4B8}.Debug|Any CPU.Build.0 = Debug|Any CPU
		{06510D01-3139-4FAA-8D92-96CAF931C4B8}.Debug|x64.ActiveCfg = Debug|Any CPU
		{06510D01-3139-4FAA-8D92-96CAF931C4B8}.Debug|x64.Build.0 = Debug|Any CPU
		{06510D01-3139-4FAA-8D92-96CAF931C4B8}.Debug|x86.ActiveCfg = Debug|Any CPU
		{06510D01-3139-4FAA-8D92-96CAF931C4B8}.Debug|x86.Build.0 = Debug|Any CPU
		{06510D01-3139-4FAA-8D92-96CAF931C4B8}.Release|Any CPU.ActiveCfg = Release|Any CPU
		{06510D01-3139-4FAA-8D92-96CAF931C4B8}.Release|Any CPU.Build.0 = Release|Any CPU
		{06510D01-3139-4FAA-8D92-96CAF931C4B8}.Release|x64.ActiveCfg = Release|Any CPU
		{06510D01-3139-4FAA-8D92-96CAF931C4B8}.Release|x64.Build.0 = Release|Any CPU
		{06510D01-3139-4FAA-8D92-96CAF931C4B8}.Release|x86.ActiveCfg = Release|Any CPU
		{06510D01-3139-4FAA-8D92-96CAF931C4B8}.Release|x86.Build.0 = Release|Any CPU
		{92FB0C23-5909-4F97-B372-B22F6434DC11}.Debug|Any CPU.ActiveCfg = Debug|Any CPU
		{92FB0C23-5909-4F97-B372-B22F6434DC11}.Debug|Any CPU.Build.0 = Debug|Any CPU
		{92FB0C23-5909-4F97-B372-B22F6434DC11}.Debug|x64.ActiveCfg = Debug|Any CPU
		{92FB0C23-5909-4F97-B372-B22F6434DC11}.Debug|x64.Build.0 = Debug|Any CPU
		{92FB0C23-5909-4F97-B372-B22F6434DC11}.Debug|x86.ActiveCfg = Debug|Any CPU
		{92FB0C23-5909-4F97-B372-B22F6434DC11}.Debug|x86.Build.0 = Debug|Any CPU
		{92FB0C23-5909-4F97-B372-B22F6434DC11}.Release|Any CPU.ActiveCfg = Release|Any CPU
		{92FB0C23-5909-4F97-B372-B22F6434DC11}.Release|Any CPU.Build.0 = Release|Any CPU
		{92FB0C23-5909-4F97-B372-B22F6434DC11}.Release|x64.ActiveCfg = Release|Any CPU
		{92FB0C23-5909-4F97-B372-B22F6434DC11}.Release|x64.Build.0 = Release|Any CPU
		{92FB0C23-5909-4F97-B372-B22F6434DC11}.Release|x86.ActiveCfg = Release|Any CPU
		{92FB0C23-5909-4F97-B372-B22F6434DC11}.Release|x86.Build.0 = Release|Any CPU
	EndGlobalSection
	GlobalSection(SolutionProperties) = preSolution
		HideSolutionNode = FALSE
	EndGlobalSection
	GlobalSection(ExtensibilityGlobals) = postSolution
		SolutionGuid = {12E58930-6166-4569-A88F-C2AC64BAC3C4}
	EndGlobalSection
EndGlobal
